
Microsoft Visual Studio Solution File, Format Version 12.00
# Visual Studio Version 17
VisualStudioVersion = 17.7.34003.232
MinimumVisualStudioVersion = 10.0.40219.1
Project("{9A19103F-16F7-4668-BE54-9A1E7A4F7556}") = "AvaloniaApplication1", "AvaloniaApplication1\AvaloniaApplication1.csproj", "{295E57CE-4C08-4CDD-B418-7B2E1F9CB585}"
EndProject
Project("{9A19103F-16F7-4668-BE54-9A1E7A4F7556}") = "AvaloniaApplication1.Desktop", "AvaloniaApplication1.Desktop\AvaloniaApplication1.Desktop.csproj", "{FBDCC5AB-D627-4284-A2C4-D363DD722E15}"
EndProject
Global
	GlobalSection(SolutionConfigurationPlatforms) = preSolution
		Debug|Any CPU = Debug|Any CPU
		Release|Any CPU = Release|Any CPU
	EndGlobalSection
	GlobalSection(ProjectConfigurationPlatforms) = postSolution
		{295E57CE-4C08-4CDD-B418-7B2E1F9CB585}.Debug|Any CPU.ActiveCfg = Debug|Any CPU
		{295E57CE-4C08-4CDD-B418-7B2E1F9CB585}.Debug|Any CPU.Build.0 = Debug|Any CPU
		{295E57CE-4C08-4CDD-B418-7B2E1F9CB585}.Release|Any CPU.ActiveCfg = Release|Any CPU
		{295E57CE-4C08-4CDD-B418-7B2E1F9CB585}.Release|Any CPU.Build.0 = Release|Any CPU
		{FBDCC5AB-D627-4284-A2C4-D363DD722E15}.Debug|Any CPU.ActiveCfg = Debug|Any CPU
		{FBDCC5AB-D627-4284-A2C4-D363DD722E15}.Debug|Any CPU.Build.0 = Debug|Any CPU
		{FBDCC5AB-D627-4284-A2C4-D363DD722E15}.Release|Any CPU.ActiveCfg = Release|Any CPU
		{FBDCC5AB-D627-4284-A2C4-D363DD722E15}.Release|Any CPU.Build.0 = Release|Any CPU
	EndGlobalSection
	GlobalSection(SolutionProperties) = preSolution
		HideSolutionNode = FALSE
	EndGlobalSection
	GlobalSection(ExtensibilityGlobals) = postSolution
		SolutionGuid = {EA4EDEAE-F154-4315-A4E1-1BECCA375ADF}
	EndGlobalSection
EndGlobal
